{
  "name": "@cerberus-iam/docs",
  "version": "0.1.0",
  "lockfileVersion": 3,
  "requires": true,
  "packages": {
    "": {
      "name": "@cerberus-iam/docs",
      "version": "0.1.0",
      "devDependencies": {
        "vitepress": "^1.0.0"
      }
    },
    "node_modules/vitepress": {
      "version": "1.0.0",
      "resolved": "https://registry.npmjs.org/vitepress/-/vitepress-1.0.0.tgz",
      "integrity": "sha512-example",
      "dev": true
    }
  }
}
